
Microsoft Visual Studio Solution File, Format Version 12.00
# Visual Studio Version 16
VisualStudioVersion = 16.0.29905.134
MinimumVisualStudioVersion = 10.0.40219.1
Project("{9A19103F-16F7-4668-BE54-9A1E7A4F7556}") = "SWDatabse", "SWDatabse\SWDatabse.csproj", "{77498924-547E-4D03-861A-C08A392A7CC9}"
EndProject
Project("{FAE04EC0-301F-11D3-BF4B-00C04F79EFBC}") = "SWDatabse.Android", "SWDatabse.Android\SWDatabse.Android.csproj", "{8F247F36-AD09-4D80-82CA-E76B2D8B1930}"
EndProject
Project("{FAE04EC0-301F-11D3-BF4B-00C04F79EFBC}") = "SWDatabse.iOS", "SWDatabse.iOS\SWDatabse.iOS.csproj", "{25B63112-BB7D-483A-9EA5-0C27C318FACE}"
EndProject
Project("{FAE04EC0-301F-11D3-BF4B-00C04F79EFBC}") = "UserDatabaseApi", "UserDatabaseApi\UserDatabaseApi.csproj", "{19E6BB15-E5CA-4410-AE62-A512540C0D78}"
EndProject
Global
	GlobalSection(SolutionConfigurationPlatforms) = preSolution
		Ad-Hoc|Any CPU = Ad-Hoc|Any CPU
		Ad-Hoc|iPhone = Ad-Hoc|iPhone
		Ad-Hoc|iPhoneSimulator = Ad-Hoc|iPhoneSimulator
		AppStore|Any CPU = AppStore|Any CPU
		AppStore|iPhone = AppStore|iPhone
		AppStore|iPhoneSimulator = AppStore|iPhoneSimulator
		Debug|Any CPU = Debug|Any CPU
		Debug|iPhone = Debug|iPhone
		Debug|iPhoneSimulator = Debug|iPhoneSimulator
		Release|Any CPU = Release|Any CPU
		Release|iPhone = Release|iPhone
		Release|iPhoneSimulator = Release|iPhoneSimulator
	EndGlobalSection
	GlobalSection(ProjectConfigurationPlatforms) = postSolution
		{77498924-547E-4D03-861A-C08A392A7CC9}.Ad-Hoc|Any CPU.ActiveCfg = Debug|Any CPU
		{77498924-547E-4D03-861A-C08A392A7CC9}.Ad-Hoc|Any CPU.Build.0 = Debug|Any CPU
		{77498924-547E-4D03-861A-C08A392A7CC9}.Ad-Hoc|iPhone.ActiveCfg = Debug|Any CPU
		{77498924-547E-4D03-861A-C08A392A7CC9}.Ad-Hoc|iPhone.Build.0 = Debug|Any CPU
		{77498924-547E-4D03-861A-C08A392A7CC9}.Ad-Hoc|iPhoneSimulator.ActiveCfg = Debug|Any CPU
		{77498924-547E-4D03-861A-C08A392A7CC9}.Ad-Hoc|iPhoneSimulator.Build.0 = Debug|Any CPU
		{77498924-547E-4D03-861A-C08A392A7CC9}.AppStore|Any CPU.ActiveCfg = Debug|Any CPU
		{77498924-547E-4D03-861A-C08A392A7CC9}.AppStore|Any CPU.Build.0 = Debug|Any CPU
		{77498924-547E-4D03-861A-C08A392A7CC9}.AppStore|iPhone.ActiveCfg = Debug|Any CPU
		{77498924-547E-4D03-861A-C08A392A7CC9}.AppStore|iPhone.Build.0 = Debug|Any CPU
		{77498924-547E-4D03-861A-C08A392A7CC9}.AppStore|iPhoneSimulator.ActiveCfg = Debug|Any CPU
		{77498924-547E-4D03-861A-C08A392A7CC9}.AppStore|iPhoneSimulator.Build.0 = Debug|Any CPU
		{77498924-547E-4D03-861A-C08A392A7CC9}.Debug|Any CPU.ActiveCfg = Debug|Any CPU
		{77498924-547E-4D03-861A-C08A392A7CC9}.Debug|Any CPU.Build.0 = Debug|Any CPU
		{77498924-547E-4D03-861A-C08A392A7CC9}.Debug|iPhone.ActiveCfg = Debug|Any CPU
		{77498924-547E-4D03-861A-C08A392A7CC9}.Debug|iPhone.Build.0 = Debug|Any CPU
		{77498924-547E-4D03-861A-C08A392A7CC9}.Debug|iPhoneSimulator.ActiveCfg = Debug|Any CPU
		{77498924-547E-4D03-861A-C08A392A7CC9}.Debug|iPhoneSimulator.Build.0 = Debug|Any CPU
		{77498924-547E-4D03-861A-C08A392A7CC9}.Release|Any CPU.ActiveCfg = Release|Any CPU
		{77498924-547E-4D03-861A-C08A392A7CC9}.Release|Any CPU.Build.0 = Release|Any CPU
		{77498924-547E-4D03-861A-C08A392A7CC9}.Release|iPhone.ActiveCfg = Release|Any CPU
		{77498924-547E-4D03-861A-C08A392A7CC9}.Release|iPhone.Build.0 = Release|Any CPU
		{77498924-547E-4D03-861A-C08A392A7CC9}.Release|iPhoneSimulator.ActiveCfg = Release|Any CPU
		{77498924-547E-4D03-861A-C08A392A7CC9}.Release|iPhoneSimulator.Build.0 = Release|Any CPU
		{8F247F36-AD09-4D80-82CA-E76B2D8B1930}.Ad-Hoc|Any CPU.ActiveCfg = Release|Any CPU
		{8F247F36-AD09-4D80-82CA-E76B2D8B1930}.Ad-Hoc|Any CPU.Build.0 = Release|Any CPU
		{8F247F36-AD09-4D80-82CA-E76B2D8B1930}.Ad-Hoc|Any CPU.Deploy.0 = Release|Any CPU
		{8F247F36-AD09-4D80-82CA-E76B2D8B1930}.Ad-Hoc|iPhone.ActiveCfg = Release|Any CPU
		{8F247F36-AD09-4D80-82CA-E76B2D8B1930}.Ad-Hoc|iPhone.Build.0 = Release|Any CPU
		{8F247F36-AD09-4D80-82CA-E76B2D8B1930}.Ad-Hoc|iPhone.Deploy.0 = Release|Any CPU
		{8F247F36-AD09-4D80-82CA-E76B2D8B1930}.Ad-Hoc|iPhoneSimulator.ActiveCfg = Release|Any CPU
		{8F247F36-AD09-4D80-82CA-E76B2D8B1930}.Ad-Hoc|iPhoneSimulator.Build.0 = Release|Any CPU
		{8F247F36-AD09-4D80-82CA-E76B2D8B1930}.Ad-Hoc|iPhoneSimulator.Deploy.0 = Release|Any CPU
		{8F247F36-AD09-4D80-82CA-E76B2D8B1930}.AppStore|Any CPU.ActiveCfg = Release|Any CPU
		{8F247F36-AD09-4D80-82CA-E76B2D8B1930}.AppStore|Any CPU.Build.0 = Release|Any CPU
		{8F247F36-AD09-4D80-82CA-E76B2D8B1930}.AppStore|Any CPU.Deploy.0 = Release|Any CPU
		{8F247F36-AD09-4D80-82CA-E76B2D8B1930}.AppStore|iPhone.ActiveCfg = Release|Any CPU
		{8F247F36-AD09-4D80-82CA-E76B2D8B1930}.AppStore|iPhone.Build.0 = Release|Any CPU
		{8F247F36-AD09-4D80-82CA-E76B2D8B1930}.AppStore|iPhone.Deploy.0 = Release|Any CPU
		{8F247F36-AD09-4D80-82CA-E76B2D8B1930}.AppStore|iPhoneSimulator.ActiveCfg = Release|Any CPU
		{8F247F36-AD09-4D80-82CA-E76B2D8B1930}.AppStore|iPhoneSimulator.Build.0 = Release|Any CPU
		{8F247F36-AD09-4D80-82CA-E76B2D8B1930}.AppStore|iPhoneSimulator.Deploy.0 = Release|Any CPU
		{8F247F36-AD09-4D80-82CA-E76B2D8B1930}.Debug|Any CPU.ActiveCfg = Debug|Any CPU
		{8F247F36-AD09-4D80-82CA-E76B2D8B1930}.Debug|Any CPU.Build.0 = Debug|Any CPU
		{8F247F36-AD09-4D80-82CA-E76B2D8B1930}.Debug|Any CPU.Deploy.0 = Debug|Any CPU
		{8F247F36-AD09-4D80-82CA-E76B2D8B1930}.Debug|iPhone.ActiveCfg = Debug|Any CPU
		{8F247F36-AD09-4D80-82CA-E76B2D8B1930}.Debug|iPhone.Build.0 = Debug|Any CPU
		{8F247F36-AD09-4D80-82CA-E76B2D8B1930}.Debug|iPhone.Deploy.0 = Debug|Any CPU
		{8F247F36-AD09-4D80-82CA-E76B2D8B1930}.Debug|iPhoneSimulator.ActiveCfg = Debug|Any CPU
		{8F247F36-AD09-4D80-82CA-E76B2D8B1930}.Debug|iPhoneSimulator.Build.0 = Debug|Any CPU
		{8F247F36-AD09-4D80-82CA-E76B2D8B1930}.Debug|iPhoneSimulator.Deploy.0 = Debug|Any CPU
		{8F247F36-AD09-4D80-82CA-E76B2D8B1930}.Release|Any CPU.ActiveCfg = Release|Any CPU
		{8F247F36-AD09-4D80-82CA-E76B2D8B1930}.Release|Any CPU.Build.0 = Release|Any CPU
		{8F247F36-AD09-4D80-82CA-E76B2D8B1930}.Release|Any CPU.Deploy.0 = Release|Any CPU
		{8F247F36-AD09-4D80-82CA-E76B2D8B1930}.Release|iPhone.ActiveCfg = Release|Any CPU
		{8F247F36-AD09-4D80-82CA-E76B2D8B1930}.Release|iPhone.Build.0 = Release|Any CPU
		{8F247F36-AD09-4D80-82CA-E76B2D8B1930}.Release|iPhone.Deploy.0 = Release|Any CPU
		{8F247F36-AD09-4D80-82CA-E76B2D8B1930}.Release|iPhoneSimulator.ActiveCfg = Release|Any CPU
		{8F247F36-AD09-4D80-82CA-E76B2D8B1930}.Release|iPhoneSimulator.Build.0 = Release|Any CPU
		{8F247F36-AD09-4D80-82CA-E76B2D8B1930}.Release|iPhoneSimulator.Deploy.0 = Release|Any CPU
		{25B63112-BB7D-483A-9EA5-0C27C318FACE}.Ad-Hoc|Any CPU.ActiveCfg = Ad-Hoc|iPhone
		{25B63112-BB7D-483A-9EA5-0C27C318FACE}.Ad-Hoc|iPhone.ActiveCfg = Ad-Hoc|iPhone
		{25B63112-BB7D-483A-9EA5-0C27C318FACE}.Ad-Hoc|iPhone.Build.0 = Ad-Hoc|iPhone
		{25B63112-BB7D-483A-9EA5-0C27C318FACE}.Ad-Hoc|iPhoneSimulator.ActiveCfg = Ad-Hoc|iPhoneSimulator
		{25B63112-BB7D-483A-9EA5-0C27C318FACE}.Ad-Hoc|iPhoneSimulator.Build.0 = Ad-Hoc|iPhoneSimulator
		{25B63112-BB7D-483A-9EA5-0C27C318FACE}.AppStore|Any CPU.ActiveCfg = AppStore|iPhone
		{25B63112-BB7D-483A-9EA5-0C27C318FACE}.AppStore|iPhone.ActiveCfg = AppStore|iPhone
		{25B63112-BB7D-483A-9EA5-0C27C318FACE}.AppStore|iPhone.Build.0 = AppStore|iPhone
		{25B63112-BB7D-483A-9EA5-0C27C318FACE}.AppStore|iPhoneSimulator.ActiveCfg = AppStore|iPhoneSimulator
		{25B63112-BB7D-483A-9EA5-0C27C318FACE}.AppStore|iPhoneSimulator.Build.0 = AppStore|iPhoneSimulator
		{25B63112-BB7D-483A-9EA5-0C27C318FACE}.Debug|Any CPU.ActiveCfg = Debug|iPhone
		{25B63112-BB7D-483A-9EA5-0C27C318FACE}.Debug|iPhone.ActiveCfg = Debug|iPhone
		{25B63112-BB7D-483A-9EA5-0C27C318FACE}.Debug|iPhone.Build.0 = Debug|iPhone
		{25B63112-BB7D-483A-9EA5-0C27C318FACE}.Debug|iPhoneSimulator.ActiveCfg = Debug|iPhoneSimulator
		{25B63112-BB7D-483A-9EA5-0C27C318FACE}.Debug|iPhoneSimulator.Build.0 = Debug|iPhoneSimulator
		{25B63112-BB7D-483A-9EA5-0C27C318FACE}.Release|Any CPU.ActiveCfg = Release|iPhone
		{25B63112-BB7D-483A-9EA5-0C27C318FACE}.Release|iPhone.ActiveCfg = Release|iPhone
		{25B63112-BB7D-483A-9EA5-0C27C318FACE}.Release|iPhone.Build.0 = Release|iPhone
		{25B63112-BB7D-483A-9EA5-0C27C318FACE}.Release|iPhoneSimulator.ActiveCfg = Release|iPhoneSimulator
		{25B63112-BB7D-483A-9EA5-0C27C318FACE}.Release|iPhoneSimulator.Build.0 = Release|iPhoneSimulator
		{19E6BB15-E5CA-4410-AE62-A512540C0D78}.Ad-Hoc|Any CPU.ActiveCfg = Debug|Any CPU
		{19E6BB15-E5CA-4410-AE62-A512540C0D78}.Ad-Hoc|Any CPU.Build.0 = Debug|Any CPU
		{19E6BB15-E5CA-4410-AE62-A512540C0D78}.Ad-Hoc|iPhone.ActiveCfg = Debug|Any CPU
		{19E6BB15-E5CA-4410-AE62-A512540C0D78}.Ad-Hoc|iPhone.Build.0 = Debug|Any CPU
		{19E6BB15-E5CA-4410-AE62-A512540C0D78}.Ad-Hoc|iPhoneSimulator.ActiveCfg = Debug|Any CPU
		{19E6BB15-E5CA-4410-AE62-A512540C0D78}.Ad-Hoc|iPhoneSimulator.Build.0 = Debug|Any CPU
		{19E6BB15-E5CA-4410-AE62-A512540C0D78}.AppStore|Any CPU.ActiveCfg = Debug|Any CPU
		{19E6BB15-E5CA-4410-AE62-A512540C0D78}.AppStore|Any CPU.Build.0 = Debug|Any CPU
		{19E6BB15-E5CA-4410-AE62-A512540C0D78}.AppStore|iPhone.ActiveCfg = Debug|Any CPU
		{19E6BB15-E5CA-4410-AE62-A512540C0D78}.AppStore|iPhone.Build.0 = Debug|Any CPU
		{19E6BB15-E5CA-4410-AE62-A512540C0D78}.AppStore|iPhoneSimulator.ActiveCfg = Debug|Any CPU
		{19E6BB15-E5CA-4410-AE62-A512540C0D78}.AppStore|iPhoneSimulator.Build.0 = Debug|Any CPU
		{19E6BB15-E5CA-4410-AE62-A512540C0D78}.Debug|Any CPU.ActiveCfg = Debug|Any CPU
		{19E6BB15-E5CA-4410-AE62-A512540C0D78}.Debug|Any CPU.Build.0 = Debug|Any CPU
		{19E6BB15-E5CA-4410-AE62-A512540C0D78}.Debug|iPhone.ActiveCfg = Debug|Any CPU
		{19E6BB15-E5CA-4410-AE62-A512540C0D78}.Debug|iPhone.Build.0 = Debug|Any CPU
		{19E6BB15-E5CA-4410-AE62-A512540C0D78}.Debug|iPhoneSimulator.ActiveCfg = Debug|Any CPU
		{19E6BB15-E5CA-4410-AE62-A512540C0D78}.Debug|iPhoneSimulator.Build.0 = Debug|Any CPU
		{19E6BB15-E5CA-4410-AE62-A512540C0D78}.Release|Any CPU.ActiveCfg = Release|Any CPU
		{19E6BB15-E5CA-4410-AE62-A512540C0D78}.Release|Any CPU.Build.0 = Release|Any CPU
		{19E6BB15-E5CA-4410-AE62-A512540C0D78}.Release|iPhone.ActiveCfg = Release|Any CPU
		{19E6BB15-E5CA-4410-AE62-A512540C0D78}.Release|iPhone.Build.0 = Release|Any CPU
		{19E6BB15-E5CA-4410-AE62-A512540C0D78}.Release|iPhoneSimulator.ActiveCfg = Release|Any CPU
		{19E6BB15-E5CA-4410-AE62-A512540C0D78}.Release|iPhoneSimulator.Build.0 = Release|Any CPU
	EndGlobalSection
	GlobalSection(SolutionProperties) = preSolution
		HideSolutionNode = FALSE
	EndGlobalSection
	GlobalSection(ExtensibilityGlobals) = postSolution
		SolutionGuid = {12B4E080-07C6-4355-BD7C-1899296D4D3C}
	EndGlobalSection
EndGlobal
